// !$*UTF8*$!
{
	archiveVersion = 1;
	classes = {
	};
	objectVersion = 55;
	objects = {

/* Begin PBXBuildFile section */
		DF6B154728AD2D9C00FDBD8B /* AppDelegate.swift in Sources */ = {isa = PBXBuildFile; fileRef = DF6B154628AD2D9C00FDBD8B /* AppDelegate.swift */; };
		DF6B154928AD2D9C00FDBD8B /* SceneDelegate.swift in Sources */ = {isa = PBXBuildFile; fileRef = DF6B154828AD2D9C00FDBD8B /* SceneDelegate.swift */; };
		DF6B154B28AD2D9C00FDBD8B /* ViewController.swift in Sources */ = {isa = PBXBuildFile; fileRef = DF6B154A28AD2D9C00FDBD8B /* ViewController.swift */; };
		DF6B154E28AD2D9C00FDBD8B /* Main.storyboard in Resources */ = {isa = PBXBuildFile; fileRef = DF6B154C28AD2D9C00FDBD8B /* Main.storyboard */; };
		DF6B155128AD2D9C00FDBD8B /* githubSetup.xcdatamodeld in Sources */ = {isa = PBXBuildFile; fileRef = DF6B154F28AD2D9C00FDBD8B /* githubSetup.xcdatamodeld */; };
		DF6B155328AD2D9D00FDBD8B /* Assets.xcassets in Resources */ = {isa = PBXBuildFile; fileRef = DF6B155228AD2D9D00FDBD8B /* Assets.xcassets */; };
		DF6B155628AD2D9D00FDBD8B /* LaunchScreen.storyboard in Resources */ = {isa = PBXBuildFile; fileRef = DF6B155428AD2D9D00FDBD8B /* LaunchScreen.storyboard */; };
/* End PBXBuildFile section */

/* Begin PBXFileReference section */
		DF6B154328AD2D9C00FDBD8B /* githubSetup.app */ = {isa = PBXFileReference; explicitFileType = wrapper.application; includeInIndex = 0; path = githubSetup.app; sourceTree = BUILT_PRODUCTS_DIR; };
		DF6B154628AD2D9C00FDBD8B /* AppDelegate.swift */ = {isa = PBXFileReference; lastKnownFileType = sourcecode.swift; path = AppDelegate.swift; sourceTree = "<group>"; };
		DF6B154828AD2D9C00FDBD8B /* SceneDelegate.swift */ = {isa = PBXFileReference; lastKnownFileType = sourcecode.swift; path = SceneDelegate.swift; sourceTree = "<group>"; };
		DF6B154A28AD2D9C00FDBD8B /* ViewController.swift */ = {isa = PBXFileReference; lastKnownFileType = sourcecode.swift; path = ViewController.swift; sourceTree = "<group>"; };
		DF6B154D28AD2D9C00FDBD8B /* Base */ = {isa = PBXFileReference; lastKnownFileType = file.storyboard; name = Base; path = Base.lproj/Main.storyboard; sourceTree = "<group>"; };
		DF6B155028AD2D9C00FDBD8B /* githubSetup.xcdatamodel */ = {isa = PBXFileReference; lastKnownFileType = wrapper.xcdatamodel; path = githubSetup.xcdatamodel; sourceTree = "<group>"; };
		DF6B155228AD2D9D00FDBD8B /* Assets.xcassets */ = {isa = PBXFileReference; lastKnownFileType = folder.assetcatalog; path = Assets.xcassets; sourceTree = "<group>"; };
		DF6B155528AD2D9D00FDBD8B /* Base */ = {isa = PBXFileReference; lastKnownFileType = file.storyboard; name = Base; path = Base.lproj/LaunchScreen.storyboard; sourceTree = "<group>"; };
		DF6B155728AD2D9D00FDBD8B /* Info.plist */ = {isa = PBXFileReference; lastKnownFileType = text.plist.xml; path = Info.plist; sourceTree = "<group>"; };
/* End PBXFileReference section */

/* Begin PBXFrameworksBuildPhase section */
		DF6B154028AD2D9C00FDBD8B /* Frameworks */ = {
			isa = PBXFrameworksBuildPhase;
			buildActionMask = 2147483647;
			files = (
			);
			runOnlyForDeploymentPostprocessing = 0;
		};
/* End PBXFrameworksBuildPhase section */

/* Begin PBXGroup section */
		DF6B153A28AD2D9C00FDBD8B = {
			isa = PBXGroup;
			children = (
				DF6B154528AD2D9C00FDBD8B /* githubSetup */,
				DF6B154428AD2D9C00FDBD8B /* Products */,
			);
			sourceTree = "<group>";
		};
		DF6B154428AD2D9C00FDBD8B /* Products */ = {
			isa = PBXGroup;
			children = (
				DF6B154328AD2D9C00FDBD8B /* githubSetup.app */,
			);
			name = Products;
			sourceTree = "<group>";
		};
		DF6B154528AD2D9C00FDBD8B /* githubSetup */ = {
			isa = PBXGroup;
			children = (
				DF6B154628AD2D9C00FDBD8B /* AppDelegate.swift */,
				DF6B154828AD2D9C00FDBD8B /* SceneDelegate.swift */,
				DF6B154A28AD2D9C00FDBD8B /* ViewController.swift */,
				DF6B154C28AD2D9C00FDBD8B /* Main.storyboard */,
				DF6B155228AD2D9D00FDBD8B /* Assets.xcassets */,
				DF6B155428AD2D9D00FDBD8B /* LaunchScreen.storyboard */,
				DF6B155728AD2D9D00FDBD8B /* Info.plist */,
				DF6B154F28AD2D9C00FDBD8B /* githubSetup.xcdatamodeld */,
			);
			path = githubSetup;
			sourceTree = "<group>";
		};
/* End PBXGroup section */

/* Begin PBXNativeTarget section */
		DF6B154228AD2D9C00FDBD8B /* githubSetup */ = {
			isa = PBXNativeTarget;
			buildConfigurationList = DF6B155A28AD2D9D00FDBD8B /* Build configuration list for PBXNativeTarget "githubSetup" */;
			buildPhases = (
				DF6B153F28AD2D9C00FDBD8B /* Sources */,
				DF6B154028AD2D9C00FDBD8B /* Frameworks */,
				DF6B154128AD2D9C00FDBD8B /* Resources */,
			);
			buildRules = (
			);
			dependencies = (
			);
			name = githubSetup;
			productName = githubSetup;
			productReference = DF6B154328AD2D9C00FDBD8B /* githubSetup.app */;
			productType = "com.apple.product-type.application";
		};
/* End PBXNativeTarget section */

/* Begin PBXProject section */
		DF6B153B28AD2D9C00FDBD8B /* Project object */ = {
			isa = PBXProject;
			attributes = {
				BuildIndependentTargetsInParallel = 1;
				LastSwiftUpdateCheck = 1340;
				LastUpgradeCheck = 1340;
				TargetAttributes = {
					DF6B154228AD2D9C00FDBD8B = {
						CreatedOnToolsVersion = 13.4.1;
					};
				};
			};
			buildConfigurationList = DF6B153E28AD2D9C00FDBD8B /* Build configuration list for PBXProject "githubSetup" */;
			compatibilityVersion = "Xcode 13.0";
			developmentRegion = en;
			hasScannedForEncodings = 0;
			knownRegions = (
				en,
				Base,
			);
			mainGroup = DF6B153A28AD2D9C00FDBD8B;
			productRefGroup = DF6B154428AD2D9C00FDBD8B /* Products */;
			projectDirPath = "";
			projectRoot = "";
			targets = (
				DF6B154228AD2D9C00FDBD8B /* githubSetup */,
			);
		};
/* End PBXProject section */

/* Begin PBXResourcesBuildPhase section */
		DF6B154128AD2D9C00FDBD8B /* Resources */ = {
			isa = PBXResourcesBuildPhase;
			buildActionMask = 2147483647;
			files = (
				DF6B155628AD2D9D00FDBD8B /* LaunchScreen.storyboard in Resources */,
				DF6B155328AD2D9D00FDBD8B /* Assets.xcassets in Resources */,
				DF6B154E28AD2D9C00FDBD8B /* Main.storyboard in Resources */,
			);
			runOnlyForDeploymentPostprocessing = 0;
		};
/* End PBXResourcesBuildPhase section */

/* Begin PBXSourcesBuildPhase section */
		DF6B153F28AD2D9C00FDBD8B /* Sources */ = {
			isa = PBXSourcesBuildPhase;
			buildActionMask = 2147483647;
			files = (
				DF6B155128AD2D9C00FDBD8B /* githubSetup.xcdatamodeld in Sources */,
				DF6B154B28AD2D9C00FDBD8B /* ViewController.swift in Sources */,
				DF6B154728AD2D9C00FDBD8B /* AppDelegate.swift in Sources */,
				DF6B154928AD2D9C00FDBD8B /* SceneDelegate.swift in Sources */,
			);
			runOnlyForDeploymentPostprocessing = 0;
		};
/* End PBXSourcesBuildPhase section */

/* Begin PBXVariantGroup section */
		DF6B154C28AD2D9C00FDBD8B /* Main.storyboard */ = {
			isa = PBXVariantGroup;
			children = (
				DF6B154D28AD2D9C00FDBD8B /* Base */,
			);
			name = Main.storyboard;
			sourceTree = "<group>";
		};
		DF6B155428AD2D9D00FDBD8B /* LaunchScreen.storyboard */ = {
			isa = PBXVariantGroup;
			children = (
				DF6B155528AD2D9D00FDBD8B /* Base */,
			);
			name = LaunchScreen.storyboard;
			sourceTree = "<group>";
		};
/* End PBXVariantGroup section */

/* Begin XCBuildConfiguration section */
		DF6B155828AD2D9D00FDBD8B /* Debug */ = {
			isa = XCBuildConfiguration;
			buildSettings = {
				ALWAYS_SEARCH_USER_PATHS = NO;
				CLANG_ANALYZER_NONNULL = YES;
				CLANG_ANALYZER_NUMBER_OBJECT_CONVERSION = YES_AGGRESSIVE;
				CLANG_CXX_LANGUAGE_STANDARD = "gnu++17";
				CLANG_ENABLE_MODULES = YES;
				CLANG_ENABLE_OBJC_ARC = YES;
				CLANG_ENABLE_OBJC_WEAK = YES;
				CLANG_WARN_BLOCK_CAPTURE_AUTORELEASING = YES;
				CLANG_WARN_BOOL_CONVERSION = YES;
				CLANG_WARN_COMMA = YES;
				CLANG_WARN_CONSTANT_CONVERSION = YES;
				CLANG_WARN_DEPRECATED_OBJC_IMPLEMENTATIONS = YES;
				CLANG_WARN_DIRECT_OBJC_ISA_USAGE = YES_ERROR;
				CLANG_WARN_DOCUMENTATION_COMMENTS = YES;
				CLANG_WARN_EMPTY_BODY = YES;
				CLANG_WARN_ENUM_CONVERSION = YES;
				CLANG_WARN_INFINITE_RECURSION = YES;
				CLANG_WARN_INT_CONVERSION = YES;
				CLANG_WARN_NON_LITERAL_NULL_CONVERSION = YES;
				CLANG_WARN_OBJC_IMPLICIT_RETAIN_SELF = YES;
				CLANG_WARN_OBJC_LITERAL_CONVERSION = YES;
				CLANG_WARN_OBJC_ROOT_CLASS = YES_ERROR;
				CLANG_WARN_QUOTED_INCLUDE_IN_FRAMEWORK_HEADER = YES;
				CLANG_WARN_RANGE_LOOP_ANALYSIS = YES;
				CLANG_WARN_STRICT_PROTOTYPES = YES;
				CLANG_WARN_SUSPICIOUS_MOVE = YES;
				CLANG_WARN_UNGUARDED_AVAILABILITY = YES_AGGRESSIVE;
				CLANG_WARN_UNREACHABLE_CODE = YES;
				CLANG_WARN__DUPLICATE_METHOD_MATCH = YES;
				COPY_PHASE_STRIP = NO;
				DEBUG_INFORMATION_FORMAT = dwarf;
				ENABLE_STRICT_OBJC_MSGSEND = YES;
				ENABLE_TESTABILITY = YES;
				GCC_C_LANGUAGE_STANDARD = gnu11;
				GCC_DYNAMIC_NO_PIC = NO;
				GCC_NO_COMMON_BLOCKS = YES;
				GCC_OPTIMIZATION_LEVEL = 0;
				GCC_PREPROCESSOR_DEFINITIONS = (
					"DEBUG=1",
					"$(inherited)",
				);
				GCC_WARN_64_TO_32_BIT_CONVERSION = YES;
				GCC_WARN_ABOUT_RETURN_TYPE = YES_ERROR;
				GCC_WARN_UNDECLARED_SELECTOR = YES;
				GCC_WARN_UNINITIALIZED_AUTOS = YES_AGGRESSIVE;
				GCC_WARN_UNUSED_FUNCTION = YES;
				GCC_WARN_UNUSED_VARIABLE = YES;
				IPHONEOS_DEPLOYMENT_TARGET = 15.5;
				MTL_ENABLE_DEBUG_INFO = INCLUDE_SOURCE;
				MTL_FAST_MATH = YES;
				ONLY_ACTIVE_ARCH = YES;
				SDKROOT = iphoneos;
				SWIFT_ACTIVE_COMPILATION_CONDITIONS = DEBUG;
				SWIFT_OPTIMIZATION_LEVEL = "-Onone";
			};
			name = Debug;
		};
		DF6B155928AD2D9D00FDBD8B /* Release */ = {
			isa = XCBuildConfiguration;
			buildSettings = {
				ALWAYS_SEARCH_USER_PATHS = NO;
				CLANG_ANALYZER_NONNULL = YES;
				CLANG_ANALYZER_NUMBER_OBJECT_CONVERSION = YES_AGGRESSIVE;
				CLANG_CXX_LANGUAGE_STANDARD = "gnu++17";
				CLANG_ENABLE_MODULES = YES;
				CLANG_ENABLE_OBJC_ARC = YES;
				CLANG_ENABLE_OBJC_WEAK = YES;
				CLANG_WARN_BLOCK_CAPTURE_AUTORELEASING = YES;
				CLANG_WARN_BOOL_CONVERSION = YES;
				CLANG_WARN_COMMA = YES;
				CLANG_WARN_CONSTANT_CONVERSION = YES;
				CLANG_WARN_DEPRECATED_OBJC_IMPLEMENTATIONS = YES;
				CLANG_WARN_DIRECT_OBJC_ISA_USAGE = YES_ERROR;
				CLANG_WARN_DOCUMENTATION_COMMENTS = YES;
				CLANG_WARN_EMPTY_BODY = YES;
				CLANG_WARN_ENUM_CONVERSION = YES;
				CLANG_WARN_INFINITE_RECURSION = YES;
				CLANG_WARN_INT_CONVERSION = YES;
				CLANG_WARN_NON_LITERAL_NULL_CONVERSION = YES;
				CLANG_WARN_OBJC_IMPLICIT_RETAIN_SELF = YES;
				CLANG_WARN_OBJC_LITERAL_CONVERSION = YES;
				CLANG_WARN_OBJC_ROOT_CLASS = YES_ERROR;
				CLANG_WARN_QUOTED_INCLUDE_IN_FRAMEWORK_HEADER = YES;
				CLANG_WARN_RANGE_LOOP_ANALYSIS = YES;
				CLANG_WARN_STRICT_PROTOTYPES = YES;
				CLANG_WARN_SUSPICIOUS_MOVE = YES;
				CLANG_WARN_UNGUARDED_AVAILABILITY = YES_AGGRESSIVE;
				CLANG_WARN_UNREACHABLE_CODE = YES;
				CLANG_WARN__DUPLICATE_METHOD_MATCH = YES;
				COPY_PHASE_STRIP = NO;
				DEBUG_INFORMATION_FORMAT = "dwarf-with-dsym";
				ENABLE_NS_ASSERTIONS = NO;
				ENABLE_STRICT_OBJC_MSGSEND = YES;
				GCC_C_LANGUAGE_STANDARD = gnu11;
				GCC_NO_COMMON_BLOCKS = YES;
				GCC_WARN_64_TO_32_BIT_CONVERSION = YES;
				GCC_WARN_ABOUT_RETURN_TYPE = YES_ERROR;
				GCC_WARN_UNDECLARED_SELECTOR = YES;
				GCC_WARN_UNINITIALIZED_AUTOS = YES_AGGRESSIVE;
				GCC_WARN_UNUSED_FUNCTION = YES;
				GCC_WARN_UNUSED_VARIABLE = YES;
				IPHONEOS_DEPLOYMENT_TARGET = 15.5;
				MTL_ENABLE_DEBUG_INFO = NO;
				MTL_FAST_MATH = YES;
				SDKROOT = iphoneos;
				SWIFT_COMPILATION_MODE = wholemodule;
				SWIFT_OPTIMIZATION_LEVEL = "-O";
				VALIDATE_PRODUCT = YES;
			};
			name = Release;
		};
		DF6B155B28AD2D9D00FDBD8B /* Debug */ = {
			isa = XCBuildConfiguration;
			buildSettings = {
				ASSETCATALOG_COMPILER_APPICON_NAME = AppIcon;
				ASSETCATALOG_COMPILER_GLOBAL_ACCENT_COLOR_NAME = AccentColor;
				CODE_SIGN_STYLE = Automatic;
				CURRENT_PROJECT_VERSION = 1;
				DEVELOPMENT_TEAM = 6NSVLWN64R;
				GENERATE_INFOPLIST_FILE = YES;
				INFOPLIST_FILE = githubSetup/Info.plist;
				INFOPLIST_KEY_UIApplicationSupportsIndirectInputEvents = YES;
				INFOPLIST_KEY_UILaunchStoryboardName = LaunchScreen;
				INFOPLIST_KEY_UIMainStoryboardFile = Main;
				INFOPLIST_KEY_UISupportedInterfaceOrientations_iPad = "UIInterfaceOrientationPortrait UIInterfaceOrientationPortraitUpsideDown UIInterfaceOrientationLandscapeLeft UIInterfaceOrientationLandscapeRight";
				INFOPLIST_KEY_UISupportedInterfaceOrientations_iPhone = "UIInterfaceOrientationPortrait UIInterfaceOrientationLandscapeLeft UIInterfaceOrientationLandscapeRight";
				LD_RUNPATH_SEARCH_PATHS = (
					"$(inherited)",
					"@executable_path/Frameworks",
				);
				MARKETING_VERSION = 1.0;
				PRODUCT_BUNDLE_IDENTIFIER = Sophia.githubSetup;
				PRODUCT_NAME = "$(TARGET_NAME)";
				SWIFT_EMIT_LOC_STRINGS = YES;
				SWIFT_VERSION = 5.0;
				TARGETED_DEVICE_FAMILY = "1,2";
			};
			name = Debug;
		};
		DF6B155C28AD2D9D00FDBD8B /* Release */ = {
			isa = XCBuildConfiguration;
			buildSettings = {
				ASSETCATALOG_COMPILER_APPICON_NAME = AppIcon;
				ASSETCATALOG_COMPILER_GLOBAL_ACCENT_COLOR_NAME = AccentColor;
				CODE_SIGN_STYLE = Automatic;
				CURRENT_PROJECT_VERSION = 1;
				DEVELOPMENT_TEAM = 6NSVLWN64R;
				GENERATE_INFOPLIST_FILE = YES;
				INFOPLIST_FILE = githubSetup/Info.plist;
				INFOPLIST_KEY_UIApplicationSupportsIndirectInputEvents = YES;
				INFOPLIST_KEY_UILaunchStoryboardName = LaunchScreen;
				INFOPLIST_KEY_UIMainStoryboardFile = Main;
				INFOPLIST_KEY_UISupportedInterfaceOrientations_iPad = "UIInterfaceOrientationPortrait UIInterfaceOrientationPortraitUpsideDown UIInterfaceOrientationLandscapeLeft UIInterfaceOrientationLandscapeRight";
				INFOPLIST_KEY_UISupportedInterfaceOrientations_iPhone = "UIInterfaceOrientationPortrait UIInterfaceOrientationLandscapeLeft UIInterfaceOrientationLandscapeRight";
				LD_RUNPATH_SEARCH_PATHS = (
					"$(inherited)",
					"@executable_path/Frameworks",
				);
				MARKETING_VERSION = 1.0;
				PRODUCT_BUNDLE_IDENTIFIER = Sophia.githubSetup;
				PRODUCT_NAME = "$(TARGET_NAME)";
				SWIFT_EMIT_LOC_STRINGS = YES;
				SWIFT_VERSION = 5.0;
				TARGETED_DEVICE_FAMILY = "1,2";
			};
			name = Release;
		};
/* End XCBuildConfiguration section */

/* Begin XCConfigurationList section */
		DF6B153E28AD2D9C00FDBD8B /* Build configuration list for PBXProject "githubSetup" */ = {
			isa = XCConfigurationList;
			buildConfigurations = (
				DF6B155828AD2D9D00FDBD8B /* Debug */,
				DF6B155928AD2D9D00FDBD8B /* Release */,
			);
			defaultConfigurationIsVisible = 0;
			defaultConfigurationName = Release;
		};
		DF6B155A28AD2D9D00FDBD8B /* Build configuration list for PBXNativeTarget "githubSetup" */ = {
			isa = XCConfigurationList;
			buildConfigurations = (
				DF6B155B28AD2D9D00FDBD8B /* Debug */,
				DF6B155C28AD2D9D00FDBD8B /* Release */,
			);
			defaultConfigurationIsVisible = 0;
			defaultConfigurationName = Release;
		};
/* End XCConfigurationList section */

/* Begin XCVersionGroup section */
		DF6B154F28AD2D9C00FDBD8B /* githubSetup.xcdatamodeld */ = {
			isa = XCVersionGroup;
			children = (
				DF6B155028AD2D9C00FDBD8B /* githubSetup.xcdatamodel */,
			);
			currentVersion = DF6B155028AD2D9C00FDBD8B /* githubSetup.xcdatamodel */;
			path = githubSetup.xcdatamodeld;
			sourceTree = "<group>";
			versionGroupType = wrapper.xcdatamodel;
		};
/* End XCVersionGroup section */
	};
	rootObject = DF6B153B28AD2D9C00FDBD8B /* Project object */;
}
